
Microsoft Visual Studio Solution File, Format Version 12.00
# Visual Studio Version 17
VisualStudioVersion = 17.10.35004.147
MinimumVisualStudioVersion = 10.0.40219.1
Project("{2150E333-8FDC-42A3-9474-1A3956D46DE8}") = "Services", "Services", "{F484B90F-1D46-4EBB-886D-2B39AE624CE1}"
EndProject
Project("{2150E333-8FDC-42A3-9474-1A3956D46DE8}") = "Catalog", "Catalog", "{1BD9FD1A-9E9C-41CE-9DFE-3EA36AA046C8}"
EndProject
Project("{9A19103F-16F7-4668-BE54-9A1E7A4F7556}") = "Catalog.Core", "Services\Catalog\Catalog.Core\Catalog.Core.csproj", "{29A9DDF8-BE9C-409F-8016-C46BD82D85D2}"
EndProject
Project("{9A19103F-16F7-4668-BE54-9A1E7A4F7556}") = "Catalog.Infrastructure", "Services\Catalog\Catalog.Infrastructure\Catalog.Infrastructure.csproj", "{CC763C75-604D-4CF8-B1F3-75685EA3BD54}"
	ProjectSection(ProjectDependencies) = postProject
		{44C6631F-1657-4F94-B9FB-72C1F9A8A3C4} = {44C6631F-1657-4F94-B9FB-72C1F9A8A3C4}
	EndProjectSection
EndProject
Project("{9A19103F-16F7-4668-BE54-9A1E7A4F7556}") = "Catalog.Application", "Services\Catalog\Catalog.Application\Catalog.Application.csproj", "{44C6631F-1657-4F94-B9FB-72C1F9A8A3C4}"
	ProjectSection(ProjectDependencies) = postProject
		{29A9DDF8-BE9C-409F-8016-C46BD82D85D2} = {29A9DDF8-BE9C-409F-8016-C46BD82D85D2}
	EndProjectSection
EndProject
Project("{9A19103F-16F7-4668-BE54-9A1E7A4F7556}") = "Catalog.API", "Services\Catalog\Catalog.API\Catalog.API.csproj", "{264C495B-C09E-40FD-86AB-1DCA6BDE6138}"
	ProjectSection(ProjectDependencies) = postProject
		{44C6631F-1657-4F94-B9FB-72C1F9A8A3C4} = {44C6631F-1657-4F94-B9FB-72C1F9A8A3C4}
		{CC763C75-604D-4CF8-B1F3-75685EA3BD54} = {CC763C75-604D-4CF8-B1F3-75685EA3BD54}
	EndProjectSection
EndProject
Project("{E53339B2-1760-4266-BCC7-CA923CBCF16C}") = "docker-compose", "docker-compose.dcproj", "{F05A3560-143D-4F47-8A5F-0150C7C902BA}"
EndProject
Project("{2150E333-8FDC-42A3-9474-1A3956D46DE8}") = "Basket", "Basket", "{6C00FEE3-6F93-4386-94ED-72EDFB4CCD86}"
EndProject
Project("{9A19103F-16F7-4668-BE54-9A1E7A4F7556}") = "Basket.API", "Services\Basket\Basket.API\Basket.API.csproj", "{6821E789-701A-4D0D-9808-41453703CF4A}"
EndProject
Project("{9A19103F-16F7-4668-BE54-9A1E7A4F7556}") = "Basket.Core", "Services\Basket\Basket.Core\Basket.Core.csproj", "{01225DA3-8A21-43E1-B57B-E3A889781582}"
EndProject
Project("{9A19103F-16F7-4668-BE54-9A1E7A4F7556}") = "Basket.Application", "Services\Basket\Basket.Application\Basket.Application.csproj", "{D468C1B9-0371-428C-A8FE-90D0050C37A6}"
EndProject
Project("{9A19103F-16F7-4668-BE54-9A1E7A4F7556}") = "Basket.Infrastructure", "Services\Basket\Basket.Infrastructure\Basket.Infrastructure.csproj", "{09A23C00-2687-4398-B5CD-6D20E7E2585D}"
EndProject
Project("{2150E333-8FDC-42A3-9474-1A3956D46DE8}") = "Discount", "Discount", "{C1BE9154-9839-4D21-9AF1-5F9171670314}"
EndProject
Project("{FAE04EC0-301F-11D3-BF4B-00C04F79EFBC}") = "Discount.API", "Services\Discount\Discount.API\Discount.API.csproj", "{F57DDC5C-81DF-4254-8951-4C10FCA28105}"
EndProject
Project("{FAE04EC0-301F-11D3-BF4B-00C04F79EFBC}") = "Discount.Core", "Services\Discount\Discount.Core\Discount.Core.csproj", "{14E088F6-F08D-48CE-B8E4-2DDE4C9D8000}"
EndProject
Project("{FAE04EC0-301F-11D3-BF4B-00C04F79EFBC}") = "Discount.Application", "Services\Discount\Discount.Application\Discount.Application.csproj", "{E5D9B56D-0D68-430D-9A75-259679E1EE46}"
EndProject
Project("{FAE04EC0-301F-11D3-BF4B-00C04F79EFBC}") = "Discount.Infrastructure", "Services\Discount\Discount.Infrastructure\Discount.Infrastructure.csproj", "{5897382E-708F-4ADD-9F9D-CEDE1207B919}"
EndProject
Global
	GlobalSection(SolutionConfigurationPlatforms) = preSolution
		Debug|Any CPU = Debug|Any CPU
		Release|Any CPU = Release|Any CPU
	EndGlobalSection
	GlobalSection(ProjectConfigurationPlatforms) = postSolution
		{29A9DDF8-BE9C-409F-8016-C46BD82D85D2}.Debug|Any CPU.ActiveCfg = Debug|Any CPU
		{29A9DDF8-BE9C-409F-8016-C46BD82D85D2}.Debug|Any CPU.Build.0 = Debug|Any CPU
		{29A9DDF8-BE9C-409F-8016-C46BD82D85D2}.Release|Any CPU.ActiveCfg = Release|Any CPU
		{29A9DDF8-BE9C-409F-8016-C46BD82D85D2}.Release|Any CPU.Build.0 = Release|Any CPU
		{CC763C75-604D-4CF8-B1F3-75685EA3BD54}.Debug|Any CPU.ActiveCfg = Debug|Any CPU
		{CC763C75-604D-4CF8-B1F3-75685EA3BD54}.Debug|Any CPU.Build.0 = Debug|Any CPU
		{CC763C75-604D-4CF8-B1F3-75685EA3BD54}.Release|Any CPU.ActiveCfg = Release|Any CPU
		{CC763C75-604D-4CF8-B1F3-75685EA3BD54}.Release|Any CPU.Build.0 = Release|Any CPU
		{44C6631F-1657-4F94-B9FB-72C1F9A8A3C4}.Debug|Any CPU.ActiveCfg = Debug|Any CPU
		{44C6631F-1657-4F94-B9FB-72C1F9A8A3C4}.Debug|Any CPU.Build.0 = Debug|Any CPU
		{44C6631F-1657-4F94-B9FB-72C1F9A8A3C4}.Release|Any CPU.ActiveCfg = Release|Any CPU
		{44C6631F-1657-4F94-B9FB-72C1F9A8A3C4}.Release|Any CPU.Build.0 = Release|Any CPU
		{264C495B-C09E-40FD-86AB-1DCA6BDE6138}.Debug|Any CPU.ActiveCfg = Debug|Any CPU
		{264C495B-C09E-40FD-86AB-1DCA6BDE6138}.Debug|Any CPU.Build.0 = Debug|Any CPU
		{264C495B-C09E-40FD-86AB-1DCA6BDE6138}.Release|Any CPU.ActiveCfg = Release|Any CPU
		{264C495B-C09E-40FD-86AB-1DCA6BDE6138}.Release|Any CPU.Build.0 = Release|Any CPU
		{F05A3560-143D-4F47-8A5F-0150C7C902BA}.Debug|Any CPU.ActiveCfg = Debug|Any CPU
		{F05A3560-143D-4F47-8A5F-0150C7C902BA}.Debug|Any CPU.Build.0 = Debug|Any CPU
		{F05A3560-143D-4F47-8A5F-0150C7C902BA}.Release|Any CPU.ActiveCfg = Release|Any CPU
		{F05A3560-143D-4F47-8A5F-0150C7C902BA}.Release|Any CPU.Build.0 = Release|Any CPU
		{6821E789-701A-4D0D-9808-41453703CF4A}.Debug|Any CPU.ActiveCfg = Debug|Any CPU
		{6821E789-701A-4D0D-9808-41453703CF4A}.Debug|Any CPU.Build.0 = Debug|Any CPU
		{6821E789-701A-4D0D-9808-41453703CF4A}.Release|Any CPU.ActiveCfg = Release|Any CPU
		{6821E789-701A-4D0D-9808-41453703CF4A}.Release|Any CPU.Build.0 = Release|Any CPU
		{01225DA3-8A21-43E1-B57B-E3A889781582}.Debug|Any CPU.ActiveCfg = Debug|Any CPU
		{01225DA3-8A21-43E1-B57B-E3A889781582}.Debug|Any CPU.Build.0 = Debug|Any CPU
		{01225DA3-8A21-43E1-B57B-E3A889781582}.Release|Any CPU.ActiveCfg = Release|Any CPU
		{01225DA3-8A21-43E1-B57B-E3A889781582}.Release|Any CPU.Build.0 = Release|Any CPU
		{D468C1B9-0371-428C-A8FE-90D0050C37A6}.Debug|Any CPU.ActiveCfg = Debug|Any CPU
		{D468C1B9-0371-428C-A8FE-90D0050C37A6}.Debug|Any CPU.Build.0 = Debug|Any CPU
		{D468C1B9-0371-428C-A8FE-90D0050C37A6}.Release|Any CPU.ActiveCfg = Release|Any CPU
		{D468C1B9-0371-428C-A8FE-90D0050C37A6}.Release|Any CPU.Build.0 = Release|Any CPU
		{09A23C00-2687-4398-B5CD-6D20E7E2585D}.Debug|Any CPU.ActiveCfg = Debug|Any CPU
		{09A23C00-2687-4398-B5CD-6D20E7E2585D}.Debug|Any CPU.Build.0 = Debug|Any CPU
		{09A23C00-2687-4398-B5CD-6D20E7E2585D}.Release|Any CPU.ActiveCfg = Release|Any CPU
		{09A23C00-2687-4398-B5CD-6D20E7E2585D}.Release|Any CPU.Build.0 = Release|Any CPU
		{F57DDC5C-81DF-4254-8951-4C10FCA28105}.Debug|Any CPU.ActiveCfg = Debug|Any CPU
		{F57DDC5C-81DF-4254-8951-4C10FCA28105}.Debug|Any CPU.Build.0 = Debug|Any CPU
		{F57DDC5C-81DF-4254-8951-4C10FCA28105}.Release|Any CPU.ActiveCfg = Release|Any CPU
		{F57DDC5C-81DF-4254-8951-4C10FCA28105}.Release|Any CPU.Build.0 = Release|Any CPU
		{14E088F6-F08D-48CE-B8E4-2DDE4C9D8000}.Debug|Any CPU.ActiveCfg = Debug|Any CPU
		{14E088F6-F08D-48CE-B8E4-2DDE4C9D8000}.Debug|Any CPU.Build.0 = Debug|Any CPU
		{14E088F6-F08D-48CE-B8E4-2DDE4C9D8000}.Release|Any CPU.ActiveCfg = Release|Any CPU
		{14E088F6-F08D-48CE-B8E4-2DDE4C9D8000}.Release|Any CPU.Build.0 = Release|Any CPU
		{E5D9B56D-0D68-430D-9A75-259679E1EE46}.Debug|Any CPU.ActiveCfg = Debug|Any CPU
		{E5D9B56D-0D68-430D-9A75-259679E1EE46}.Debug|Any CPU.Build.0 = Debug|Any CPU
		{E5D9B56D-0D68-430D-9A75-259679E1EE46}.Release|Any CPU.ActiveCfg = Release|Any CPU
		{E5D9B56D-0D68-430D-9A75-259679E1EE46}.Release|Any CPU.Build.0 = Release|Any CPU
		{5897382E-708F-4ADD-9F9D-CEDE1207B919}.Debug|Any CPU.ActiveCfg = Debug|Any CPU
		{5897382E-708F-4ADD-9F9D-CEDE1207B919}.Debug|Any CPU.Build.0 = Debug|Any CPU
		{5897382E-708F-4ADD-9F9D-CEDE1207B919}.Release|Any CPU.ActiveCfg = Release|Any CPU
		{5897382E-708F-4ADD-9F9D-CEDE1207B919}.Release|Any CPU.Build.0 = Release|Any CPU
	EndGlobalSection
	GlobalSection(SolutionProperties) = preSolution
		HideSolutionNode = FALSE
	EndGlobalSection
	GlobalSection(NestedProjects) = preSolution
		{1BD9FD1A-9E9C-41CE-9DFE-3EA36AA046C8} = {F484B90F-1D46-4EBB-886D-2B39AE624CE1}
		{29A9DDF8-BE9C-409F-8016-C46BD82D85D2} = {1BD9FD1A-9E9C-41CE-9DFE-3EA36AA046C8}
		{CC763C75-604D-4CF8-B1F3-75685EA3BD54} = {1BD9FD1A-9E9C-41CE-9DFE-3EA36AA046C8}
		{44C6631F-1657-4F94-B9FB-72C1F9A8A3C4} = {1BD9FD1A-9E9C-41CE-9DFE-3EA36AA046C8}
		{264C495B-C09E-40FD-86AB-1DCA6BDE6138} = {1BD9FD1A-9E9C-41CE-9DFE-3EA36AA046C8}
		{6C00FEE3-6F93-4386-94ED-72EDFB4CCD86} = {F484B90F-1D46-4EBB-886D-2B39AE624CE1}
		{6821E789-701A-4D0D-9808-41453703CF4A} = {6C00FEE3-6F93-4386-94ED-72EDFB4CCD86}
		{01225DA3-8A21-43E1-B57B-E3A889781582} = {6C00FEE3-6F93-4386-94ED-72EDFB4CCD86}
		{D468C1B9-0371-428C-A8FE-90D0050C37A6} = {6C00FEE3-6F93-4386-94ED-72EDFB4CCD86}
		{09A23C00-2687-4398-B5CD-6D20E7E2585D} = {6C00FEE3-6F93-4386-94ED-72EDFB4CCD86}
		{C1BE9154-9839-4D21-9AF1-5F9171670314} = {F484B90F-1D46-4EBB-886D-2B39AE624CE1}
		{F57DDC5C-81DF-4254-8951-4C10FCA28105} = {C1BE9154-9839-4D21-9AF1-5F9171670314}
		{14E088F6-F08D-48CE-B8E4-2DDE4C9D8000} = {C1BE9154-9839-4D21-9AF1-5F9171670314}
		{E5D9B56D-0D68-430D-9A75-259679E1EE46} = {C1BE9154-9839-4D21-9AF1-5F9171670314}
		{5897382E-708F-4ADD-9F9D-CEDE1207B919} = {C1BE9154-9839-4D21-9AF1-5F9171670314}
	EndGlobalSection
	GlobalSection(ExtensibilityGlobals) = postSolution
		SolutionGuid = {B5BFF004-A346-4EEC-8046-74B2CAFF398A}
	EndGlobalSection
EndGlobal
